
Microsoft Visual Studio Solution File, Format Version 12.00
# Visual Studio Version 17
VisualStudioVersion = 17.9.34902.65
MinimumVisualStudioVersion = 10.0.40219.1
Project("{2150E333-8FDC-42A3-9474-1A3956D46DE8}") = "Solution Items", "Solution Items", "{DA3F3606-B47E-47B6-89CE-923A7A1CBAFB}"
	ProjectSection(SolutionItems) = preProject
		README.md = README.md
	EndProjectSection
EndProject
Project("{9A19103F-16F7-4668-BE54-9A1E7A4F7556}") = "Common.Business", "Common.Business\Common.Business.csproj", "{49DDED1D-9849-4462-BFB5-236DCAFE78E2}"
EndProject
Project("{9A19103F-16F7-4668-BE54-9A1E7A4F7556}") = "Common.Core", "Common.Core\Common.Core.csproj", "{DBDDE9DC-6872-434A-AEE1-68862A1E2539}"
EndProject
Project("{9A19103F-16F7-4668-BE54-9A1E7A4F7556}") = "Common.Domain", "Common.Domain\Common.Domain.csproj", "{9CBF37F4-6CC0-49B1-954D-26BA286F3CE5}"
EndProject
Project("{9A19103F-16F7-4668-BE54-9A1E7A4F7556}") = "Common.Tests", "Common.Tests\Common.Tests.csproj", "{21C33A76-879A-497B-8076-BAC18DB6F0BB}"
EndProject
Project("{9A19103F-16F7-4668-BE54-9A1E7A4F7556}") = "Common.WebApi", "Common.WebApi\Common.WebApi.csproj", "{1E8778E0-F17B-4E4E-81E2-19E8303D7536}"
EndProject
Global
	GlobalSection(SolutionConfigurationPlatforms) = preSolution
		Debug|Any CPU = Debug|Any CPU
		Release|Any CPU = Release|Any CPU
	EndGlobalSection
	GlobalSection(ProjectConfigurationPlatforms) = postSolution
		{49DDED1D-9849-4462-BFB5-236DCAFE78E2}.Debug|Any CPU.ActiveCfg = Debug|Any CPU
		{49DDED1D-9849-4462-BFB5-236DCAFE78E2}.Debug|Any CPU.Build.0 = Debug|Any CPU
		{49DDED1D-9849-4462-BFB5-236DCAFE78E2}.Release|Any CPU.ActiveCfg = Release|Any CPU
		{49DDED1D-9849-4462-BFB5-236DCAFE78E2}.Release|Any CPU.Build.0 = Release|Any CPU
		{DBDDE9DC-6872-434A-AEE1-68862A1E2539}.Debug|Any CPU.ActiveCfg = Debug|Any CPU
		{DBDDE9DC-6872-434A-AEE1-68862A1E2539}.Debug|Any CPU.Build.0 = Debug|Any CPU
		{DBDDE9DC-6872-434A-AEE1-68862A1E2539}.Release|Any CPU.ActiveCfg = Release|Any CPU
		{DBDDE9DC-6872-434A-AEE1-68862A1E2539}.Release|Any CPU.Build.0 = Release|Any CPU
		{9CBF37F4-6CC0-49B1-954D-26BA286F3CE5}.Debug|Any CPU.ActiveCfg = Debug|Any CPU
		{9CBF37F4-6CC0-49B1-954D-26BA286F3CE5}.Debug|Any CPU.Build.0 = Debug|Any CPU
		{9CBF37F4-6CC0-49B1-954D-26BA286F3CE5}.Release|Any CPU.ActiveCfg = Release|Any CPU
		{9CBF37F4-6CC0-49B1-954D-26BA286F3CE5}.Release|Any CPU.Build.0 = Release|Any CPU
		{21C33A76-879A-497B-8076-BAC18DB6F0BB}.Debug|Any CPU.ActiveCfg = Debug|Any CPU
		{21C33A76-879A-497B-8076-BAC18DB6F0BB}.Debug|Any CPU.Build.0 = Debug|Any CPU
		{21C33A76-879A-497B-8076-BAC18DB6F0BB}.Release|Any CPU.ActiveCfg = Release|Any CPU
		{21C33A76-879A-497B-8076-BAC18DB6F0BB}.Release|Any CPU.Build.0 = Release|Any CPU
		{1E8778E0-F17B-4E4E-81E2-19E8303D7536}.Debug|Any CPU.ActiveCfg = Debug|Any CPU
		{1E8778E0-F17B-4E4E-81E2-19E8303D7536}.Debug|Any CPU.Build.0 = Debug|Any CPU
		{1E8778E0-F17B-4E4E-81E2-19E8303D7536}.Release|Any CPU.ActiveCfg = Release|Any CPU
		{1E8778E0-F17B-4E4E-81E2-19E8303D7536}.Release|Any CPU.Build.0 = Release|Any CPU
	EndGlobalSection
	GlobalSection(SolutionProperties) = preSolution
		HideSolutionNode = FALSE
	EndGlobalSection
	GlobalSection(ExtensibilityGlobals) = postSolution
		SolutionGuid = {657F02EE-20FE-4E4A-ACC9-B35399095870}
	EndGlobalSection
EndGlobal
